
Microsoft Visual Studio Solution File, Format Version 12.00
# Visual Studio Version 18
VisualStudioVersion = 18.9.12105.275 stable
MinimumVisualStudioVersion = 10.0.40219.1
Project("{2150E333-8FDC-42A3-9474-1A3956D46DE8}") = "src", "src", "{827E0CD3-B72D-47B6-A68D-7590B98EB39B}"
EndProject
Project("{2150E333-8FDC-42A3-9474-1A3956D46DE8}") = "Services", "Services", "{984BB9B3-3FA3-BE33-9484-CAC21695A33C}"
EndProject
Project("{2150E333-8FDC-42A3-9474-1A3956D46DE8}") = "Shared Contracts", "Shared Contracts", "{C4D1B6D2-1B04-4CC4-9D26-3D2E02F0A1F0}"
EndProject
Project("{FAE04EC0-301F-11D3-BF4B-00C04F79EFBC}") = "Luna.Contracts", "src\Contracts\Luna.Contracts\Luna.Contracts.csproj", "{D44D7F0E-2E3F-4E4C-9D9C-8A70D5C25E76}"
EndProject
Project("{FAE04EC0-301F-11D3-BF4B-00C04F79EFBC}") = "Identity", "src\Services\Identity\Identity.csproj", "{13ED59E7-A3AF-41D6-B257-09287848B8E6}"
EndProject
Project("{FAE04EC0-301F-11D3-BF4B-00C04F79EFBC}") = "Catalog", "src\Services\Catalog\Catalog.csproj", "{4F8A7B68-9737-4C89-8308-3BE1B9CB1AA7}"
EndProject
Project("{FAE04EC0-301F-11D3-BF4B-00C04F79EFBC}") = "Orders", "src\Services\Orders\Orders.csproj", "{BABDB2AE-CAEB-4D63-963A-B3AFA8CCDA51}"
EndProject
Project("{FAE04EC0-301F-11D3-BF4B-00C04F79EFBC}") = "Payments", "src\Services\Payments\Payments.csproj", "{1AA12F5F-894C-4775-B863-243E480CFBC4}"
EndProject
Project("{FAE04EC0-301F-11D3-BF4B-00C04F79EFBC}") = "Inventory", "src\Services\Inventory\Inventory.csproj", "{51D662A4-72FE-4EC0-8DDE-0CC990FDC2CA}"
EndProject
Project("{FAE04EC0-301F-11D3-BF4B-00C04F79EFBC}") = "Shipping", "src\Services\Shipping\Shipping.csproj", "{EB7117CD-D783-4E6C-9193-DF9B16B741DA}"
EndProject
Project("{2150E333-8FDC-42A3-9474-1A3956D46DE8}") = "tests", "tests", "{0AB3BF05-4346-4AA6-1389-037BE0695223}"
EndProject
Project("{2150E333-8FDC-42A3-9474-1A3956D46DE8}") = "Smoke", "Smoke", "{8AFE20AF-74AE-3999-CBF2-DC9CC38A72B8}"
EndProject
Project("{FAE04EC0-301F-11D3-BF4B-00C04F79EFBC}") = "Luna.SmokeTests", "tests\Smoke\Luna.SmokeTests.csproj", "{3E29FD7E-3E99-451A-9211-732FED9D1A94}"
EndProject
Project("{2150E333-8FDC-42A3-9474-1A3956D46DE8}") = "Unit", "Unit", "{9D556B49-86D1-93A7-9596-FFAAB74EC556}"
EndProject
Project("{FAE04EC0-301F-11D3-BF4B-00C04F79EFBC}") = "Luna.UnitTests", "tests\Unit\Luna.UnitTests.csproj", "{39E9F8EB-016C-4FBD-97EC-7FAF63307B2A}"
EndProject
Project("{2150E333-8FDC-42A3-9474-1A3956D46DE8}") = "Integration", "Integration", "{28A6993C-471E-82FE-7D9E-AD3B1EC22BD9}"
EndProject
Project("{FAE04EC0-301F-11D3-BF4B-00C04F79EFBC}") = "Luna.IntegrationTests", "tests\Integration\Luna.IntegrationTests.csproj", "{82C21242-BAC7-4CCF-9859-4909CB773EB5}"
EndProject
Project("{2150E333-8FDC-42A3-9474-1A3956D46DE8}") = "Contracts", "Contracts", "{FFBE31B8-50B9-B415-22BC-2F92C97CADA3}"
EndProject
Global
	GlobalSection(SolutionConfigurationPlatforms) = preSolution
		Debug|Any CPU = Debug|Any CPU
		Debug|x64 = Debug|x64
		Debug|x86 = Debug|x86
		Release|Any CPU = Release|Any CPU
		Release|x64 = Release|x64
		Release|x86 = Release|x86
	EndGlobalSection
	GlobalSection(ProjectConfigurationPlatforms) = postSolution
		{D44D7F0E-2E3F-4E4C-9D9C-8A70D5C25E76}.Debug|Any CPU.ActiveCfg = Debug|Any CPU
		{D44D7F0E-2E3F-4E4C-9D9C-8A70D5C25E76}.Debug|Any CPU.Build.0 = Debug|Any CPU
		{D44D7F0E-2E3F-4E4C-9D9C-8A70D5C25E76}.Debug|x64.ActiveCfg = Debug|Any CPU
		{D44D7F0E-2E3F-4E4C-9D9C-8A70D5C25E76}.Debug|x64.Build.0 = Debug|Any CPU
		{D44D7F0E-2E3F-4E4C-9D9C-8A70D5C25E76}.Debug|x86.ActiveCfg = Debug|Any CPU
		{D44D7F0E-2E3F-4E4C-9D9C-8A70D5C25E76}.Debug|x86.Build.0 = Debug|Any CPU
		{D44D7F0E-2E3F-4E4C-9D9C-8A70D5C25E76}.Release|Any CPU.ActiveCfg = Release|Any CPU
		{D44D7F0E-2E3F-4E4C-9D9C-8A70D5C25E76}.Release|Any CPU.Build.0 = Release|Any CPU
		{D44D7F0E-2E3F-4E4C-9D9C-8A70D5C25E76}.Release|x64.ActiveCfg = Release|Any CPU
		{D44D7F0E-2E3F-4E4C-9D9C-8A70D5C25E76}.Release|x64.Build.0 = Release|Any CPU
		{D44D7F0E-2E3F-4E4C-9D9C-8A70D5C25E76}.Release|x86.ActiveCfg = Release|Any CPU
		{D44D7F0E-2E3F-4E4C-9D9C-8A70D5C25E76}.Release|x86.Build.0 = Release|Any CPU
		{13ED59E7-A3AF-41D6-B257-09287848B8E6}.Debug|Any CPU.ActiveCfg = Debug|Any CPU
		{13ED59E7-A3AF-41D6-B257-09287848B8E6}.Debug|Any CPU.Build.0 = Debug|Any CPU
		{13ED59E7-A3AF-41D6-B257-09287848B8E6}.Debug|x64.ActiveCfg = Debug|Any CPU
		{13ED59E7-A3AF-41D6-B257-09287848B8E6}.Debug|x64.Build.0 = Debug|Any CPU
		{13ED59E7-A3AF-41D6-B257-09287848B8E6}.Debug|x86.ActiveCfg = Debug|Any CPU
		{13ED59E7-A3AF-41D6-B257-09287848B8E6}.Debug|x86.Build.0 = Debug|Any CPU
		{13ED59E7-A3AF-41D6-B257-09287848B8E6}.Release|Any CPU.ActiveCfg = Release|Any CPU
		{13ED59E7-A3AF-41D6-B257-09287848B8E6}.Release|Any CPU.Build.0 = Release|Any CPU
		{13ED59E7-A3AF-41D6-B257-09287848B8E6}.Release|x64.ActiveCfg = Release|Any CPU
		{13ED59E7-A3AF-41D6-B257-09287848B8E6}.Release|x64.Build.0 = Release|Any CPU
		{13ED59E7-A3AF-41D6-B257-09287848B8E6}.Release|x86.ActiveCfg = Release|Any CPU
		{13ED59E7-A3AF-41D6-B257-09287848B8E6}.Release|x86.Build.0 = Release|Any CPU
		{4F8A7B68-9737-4C89-8308-3BE1B9CB1AA7}.Debug|Any CPU.ActiveCfg = Debug|Any CPU
		{4F8A7B68-9737-4C89-8308-3BE1B9CB1AA7}.Debug|Any CPU.Build.0 = Debug|Any CPU
		{4F8A7B68-9737-4C89-8308-3BE1B9CB1AA7}.Debug|x64.ActiveCfg = Debug|Any CPU
		{4F8A7B68-9737-4C89-8308-3BE1B9CB1AA7}.Debug|x64.Build.0 = Debug|Any CPU
		{4F8A7B68-9737-4C89-8308-3BE1B9CB1AA7}.Debug|x86.ActiveCfg = Debug|Any CPU
		{4F8A7B68-9737-4C89-8308-3BE1B9CB1AA7}.Debug|x86.Build.0 = Debug|Any CPU
		{4F8A7B68-9737-4C89-8308-3BE1B9CB1AA7}.Release|Any CPU.ActiveCfg = Release|Any CPU
		{4F8A7B68-9737-4C89-8308-3BE1B9CB1AA7}.Release|Any CPU.Build.0 = Release|Any CPU
		{4F8A7B68-9737-4C89-8308-3BE1B9CB1AA7}.Release|x64.ActiveCfg = Release|Any CPU
		{4F8A7B68-9737-4C89-8308-3BE1B9CB1AA7}.Release|x64.Build.0 = Release|Any CPU
		{4F8A7B68-9737-4C89-8308-3BE1B9CB1AA7}.Release|x86.ActiveCfg = Release|Any CPU
		{4F8A7B68-9737-4C89-8308-3BE1B9CB1AA7}.Release|x86.Build.0 = Release|Any CPU
		{BABDB2AE-CAEB-4D63-963A-B3AFA8CCDA51}.Debug|Any CPU.ActiveCfg = Debug|Any CPU
		{BABDB2AE-CAEB-4D63-963A-B3AFA8CCDA51}.Debug|Any CPU.Build.0 = Debug|Any CPU
		{BABDB2AE-CAEB-4D63-963A-B3AFA8CCDA51}.Debug|x64.ActiveCfg = Debug|Any CPU
		{BABDB2AE-CAEB-4D63-963A-B3AFA8CCDA51}.Debug|x64.Build.0 = Debug|Any CPU
		{BABDB2AE-CAEB-4D63-963A-B3AFA8CCDA51}.Debug|x86.ActiveCfg = Debug|Any CPU
		{BABDB2AE-CAEB-4D63-963A-B3AFA8CCDA51}.Debug|x86.Build.0 = Debug|Any CPU
		{BABDB2AE-CAEB-4D63-963A-B3AFA8CCDA51}.Release|Any CPU.ActiveCfg = Release|Any CPU
		{BABDB2AE-CAEB-4D63-963A-B3AFA8CCDA51}.Release|Any CPU.Build.0 = Release|Any CPU
		{BABDB2AE-CAEB-4D63-963A-B3AFA8CCDA51}.Release|x64.ActiveCfg = Release|Any CPU
		{BABDB2AE-CAEB-4D63-963A-B3AFA8CCDA51}.Release|x64.Build.0 = Release|Any CPU
		{BABDB2AE-CAEB-4D63-963A-B3AFA8CCDA51}.Release|x86.ActiveCfg = Release|Any CPU
		{BABDB2AE-CAEB-4D63-963A-B3AFA8CCDA51}.Release|x86.Build.0 = Release|Any CPU
		{1AA12F5F-894C-4775-B863-243E480CFBC4}.Debug|Any CPU.ActiveCfg = Debug|Any CPU
		{1AA12F5F-894C-4775-B863-243E480CFBC4}.Debug|Any CPU.Build.0 = Debug|Any CPU
		{1AA12F5F-894C-4775-B863-243E480CFBC4}.Debug|x64.ActiveCfg = Debug|Any CPU
		{1AA12F5F-894C-4775-B863-243E480CFBC4}.Debug|x64.Build.0 = Debug|Any CPU
		{1AA12F5F-894C-4775-B863-243E480CFBC4}.Debug|x86.ActiveCfg = Debug|Any CPU
		{1AA12F5F-894C-4775-B863-243E480CFBC4}.Debug|x86.Build.0 = Debug|Any CPU
		{1AA12F5F-894C-4775-B863-243E480CFBC4}.Release|Any CPU.ActiveCfg = Release|Any CPU
		{1AA12F5F-894C-4775-B863-243E480CFBC4}.Release|Any CPU.Build.0 = Release|Any CPU
		{1AA12F5F-894C-4775-B863-243E480CFBC4}.Release|x64.ActiveCfg = Release|Any CPU
		{1AA12F5F-894C-4775-B863-243E480CFBC4}.Release|x64.Build.0 = Release|Any CPU
		{1AA12F5F-894C-4775-B863-243E480CFBC4}.Release|x86.ActiveCfg = Release|Any CPU
		{1AA12F5F-894C-4775-B863-243E480CFBC4}.Release|x86.Build.0 = Release|Any CPU
		{51D662A4-72FE-4EC0-8DDE-0CC990FDC2CA}.Debug|Any CPU.ActiveCfg = Debug|Any CPU
		{51D662A4-72FE-4EC0-8DDE-0CC990FDC2CA}.Debug|Any CPU.Build.0 = Debug|Any CPU
		{51D662A4-72FE-4EC0-8DDE-0CC990FDC2CA}.Debug|x64.ActiveCfg = Debug|Any CPU
		{51D662A4-72FE-4EC0-8DDE-0CC990FDC2CA}.Debug|x64.Build.0 = Debug|Any CPU
		{51D662A4-72FE-4EC0-8DDE-0CC990FDC2CA}.Debug|x86.ActiveCfg = Debug|Any CPU
		{51D662A4-72FE-4EC0-8DDE-0CC990FDC2CA}.Debug|x86.Build.0 = Debug|Any CPU
		{51D662A4-72FE-4EC0-8DDE-0CC990FDC2CA}.Release|Any CPU.ActiveCfg = Release|Any CPU
		{51D662A4-72FE-4EC0-8DDE-0CC990FDC2CA}.Release|Any CPU.Build.0 = Release|Any CPU
		{51D662A4-72FE-4EC0-8DDE-0CC990FDC2CA}.Release|x64.ActiveCfg = Release|Any CPU
		{51D662A4-72FE-4EC0-8DDE-0CC990FDC2CA}.Release|x64.Build.0 = Release|Any CPU
		{51D662A4-72FE-4EC0-8DDE-0CC990FDC2CA}.Release|x86.ActiveCfg = Release|Any CPU
		{51D662A4-72FE-4EC0-8DDE-0CC990FDC2CA}.Release|x86.Build.0 = Release|Any CPU
		{EB7117CD-D783-4E6C-9193-DF9B16B741DA}.Debug|Any CPU.ActiveCfg = Debug|Any CPU
		{EB7117CD-D783-4E6C-9193-DF9B16B741DA}.Debug|Any CPU.Build.0 = Debug|Any CPU
		{EB7117CD-D783-4E6C-9193-DF9B16B741DA}.Debug|x64.ActiveCfg = Debug|Any CPU
		{EB7117CD-D783-4E6C-9193-DF9B16B741DA}.Debug|x64.Build.0 = Debug|Any CPU
		{EB7117CD-D783-4E6C-9193-DF9B16B741DA}.Debug|x86.ActiveCfg = Debug|Any CPU
		{EB7117CD-D783-4E6C-9193-DF9B16B741DA}.Debug|x86.Build.0 = Debug|Any CPU
		{EB7117CD-D783-4E6C-9193-DF9B16B741DA}.Release|Any CPU.ActiveCfg = Release|Any CPU
		{EB7117CD-D783-4E6C-9193-DF9B16B741DA}.Release|Any CPU.Build.0 = Release|Any CPU
		{EB7117CD-D783-4E6C-9193-DF9B16B741DA}.Release|x64.ActiveCfg = Release|Any CPU
		{EB7117CD-D783-4E6C-9193-DF9B16B741DA}.Release|x64.Build.0 = Release|Any CPU
		{EB7117CD-D783-4E6C-9193-DF9B16B741DA}.Release|x86.ActiveCfg = Release|Any CPU
		{EB7117CD-D783-4E6C-9193-DF9B16B741DA}.Release|x86.Build.0 = Release|Any CPU
		{3E29FD7E-3E99-451A-9211-732FED9D1A94}.Debug|Any CPU.ActiveCfg = Debug|Any CPU
		{3E29FD7E-3E99-451A-9211-732FED9D1A94}.Debug|Any CPU.Build.0 = Debug|Any CPU
		{3E29FD7E-3E99-451A-9211-732FED9D1A94}.Debug|x64.ActiveCfg = Debug|Any CPU
		{3E29FD7E-3E99-451A-9211-732FED9D1A94}.Debug|x64.Build.0 = Debug|Any CPU
		{3E29FD7E-3E99-451A-9211-732FED9D1A94}.Debug|x86.ActiveCfg = Debug|Any CPU
		{3E29FD7E-3E99-451A-9211-732FED9D1A94}.Debug|x86.Build.0 = Debug|Any CPU
		{3E29FD7E-3E99-451A-9211-732FED9D1A94}.Release|Any CPU.ActiveCfg = Release|Any CPU
		{3E29FD7E-3E99-451A-9211-732FED9D1A94}.Release|Any CPU.Build.0 = Release|Any CPU
		{3E29FD7E-3E99-451A-9211-732FED9D1A94}.Release|x64.ActiveCfg = Release|Any CPU
		{3E29FD7E-3E99-451A-9211-732FED9D1A94}.Release|x64.Build.0 = Release|Any CPU
		{3E29FD7E-3E99-451A-9211-732FED9D1A94}.Release|x86.ActiveCfg = Release|Any CPU
		{3E29FD7E-3E99-451A-9211-732FED9D1A94}.Release|x86.Build.0 = Release|Any CPU
		{39E9F8EB-016C-4FBD-97EC-7FAF63307B2A}.Debug|Any CPU.ActiveCfg = Debug|Any CPU
		{39E9F8EB-016C-4FBD-97EC-7FAF63307B2A}.Debug|Any CPU.Build.0 = Debug|Any CPU
		{39E9F8EB-016C-4FBD-97EC-7FAF63307B2A}.Debug|x64.ActiveCfg = Debug|Any CPU
		{39E9F8EB-016C-4FBD-97EC-7FAF63307B2A}.Debug|x64.Build.0 = Debug|Any CPU
		{39E9F8EB-016C-4FBD-97EC-7FAF63307B2A}.Debug|x86.ActiveCfg = Debug|Any CPU
		{39E9F8EB-016C-4FBD-97EC-7FAF63307B2A}.Debug|x86.Build.0 = Debug|Any CPU
		{39E9F8EB-016C-4FBD-97EC-7FAF63307B2A}.Release|Any CPU.ActiveCfg = Release|Any CPU
		{39E9F8EB-016C-4FBD-97EC-7FAF63307B2A}.Release|Any CPU.Build.0 = Release|Any CPU
		{39E9F8EB-016C-4FBD-97EC-7FAF63307B2A}.Release|x64.ActiveCfg = Release|Any CPU
		{39E9F8EB-016C-4FBD-97EC-7FAF63307B2A}.Release|x64.Build.0 = Release|Any CPU
		{39E9F8EB-016C-4FBD-97EC-7FAF63307B2A}.Release|x86.ActiveCfg = Release|Any CPU
		{39E9F8EB-016C-4FBD-97EC-7FAF63307B2A}.Release|x86.Build.0 = Release|Any CPU
		{82C21242-BAC7-4CCF-9859-4909CB773EB5}.Debug|Any CPU.ActiveCfg = Debug|Any CPU
		{82C21242-BAC7-4CCF-9859-4909CB773EB5}.Debug|Any CPU.Build.0 = Debug|Any CPU
		{82C21242-BAC7-4CCF-9859-4909CB773EB5}.Debug|x64.ActiveCfg = Debug|Any CPU
		{82C21242-BAC7-4CCF-9859-4909CB773EB5}.Debug|x64.Build.0 = Debug|Any CPU
		{82C21242-BAC7-4CCF-9859-4909CB773EB5}.Debug|x86.ActiveCfg = Debug|Any CPU
		{82C21242-BAC7-4CCF-9859-4909CB773EB5}.Debug|x86.Build.0 = Debug|Any CPU
		{82C21242-BAC7-4CCF-9859-4909CB773EB5}.Release|Any CPU.ActiveCfg = Release|Any CPU
		{82C21242-BAC7-4CCF-9859-4909CB773EB5}.Release|Any CPU.Build.0 = Release|Any CPU
		{82C21242-BAC7-4CCF-9859-4909CB773EB5}.Release|x64.ActiveCfg = Release|Any CPU
		{82C21242-BAC7-4CCF-9859-4909CB773EB5}.Release|x64.Build.0 = Release|Any CPU
		{82C21242-BAC7-4CCF-9859-4909CB773EB5}.Release|x86.ActiveCfg = Release|Any CPU
		{82C21242-BAC7-4CCF-9859-4909CB773EB5}.Release|x86.Build.0 = Release|Any CPU
	EndGlobalSection
	GlobalSection(SolutionProperties) = preSolution
		HideSolutionNode = FALSE
	EndGlobalSection
	GlobalSection(NestedProjects) = preSolution
		{984BB9B3-3FA3-BE33-9484-CAC21695A33C} = {827E0CD3-B72D-47B6-A68D-7590B98EB39B}
		{C4D1B6D2-1B04-4CC4-9D26-3D2E02F0A1F0} = {827E0CD3-B72D-47B6-A68D-7590B98EB39B}
		{D44D7F0E-2E3F-4E4C-9D9C-8A70D5C25E76} = {C4D1B6D2-1B04-4CC4-9D26-3D2E02F0A1F0}
		{13ED59E7-A3AF-41D6-B257-09287848B8E6} = {984BB9B3-3FA3-BE33-9484-CAC21695A33C}
		{4F8A7B68-9737-4C89-8308-3BE1B9CB1AA7} = {984BB9B3-3FA3-BE33-9484-CAC21695A33C}
		{BABDB2AE-CAEB-4D63-963A-B3AFA8CCDA51} = {984BB9B3-3FA3-BE33-9484-CAC21695A33C}
		{1AA12F5F-894C-4775-B863-243E480CFBC4} = {984BB9B3-3FA3-BE33-9484-CAC21695A33C}
		{51D662A4-72FE-4EC0-8DDE-0CC990FDC2CA} = {984BB9B3-3FA3-BE33-9484-CAC21695A33C}
		{EB7117CD-D783-4E6C-9193-DF9B16B741DA} = {984BB9B3-3FA3-BE33-9484-CAC21695A33C}
		{8AFE20AF-74AE-3999-CBF2-DC9CC38A72B8} = {0AB3BF05-4346-4AA6-1389-037BE0695223}
		{3E29FD7E-3E99-451A-9211-732FED9D1A94} = {8AFE20AF-74AE-3999-CBF2-DC9CC38A72B8}
		{9D556B49-86D1-93A7-9596-FFAAB74EC556} = {0AB3BF05-4346-4AA6-1389-037BE0695223}
		{39E9F8EB-016C-4FBD-97EC-7FAF63307B2A} = {9D556B49-86D1-93A7-9596-FFAAB74EC556}
		{28A6993C-471E-82FE-7D9E-AD3B1EC22BD9} = {0AB3BF05-4346-4AA6-1389-037BE0695223}
		{82C21242-BAC7-4CCF-9859-4909CB773EB5} = {28A6993C-471E-82FE-7D9E-AD3B1EC22BD9}
		{FFBE31B8-50B9-B415-22BC-2F92C97CADA3} = {827E0CD3-B72D-47B6-A68D-7590B98EB39B}
	EndGlobalSection
	GlobalSection(ExtensibilityGlobals) = postSolution
		SolutionGuid = {1BC3DBD9-B34E-45B9-BC96-A069489F22A0}
	EndGlobalSection
EndGlobal
