
Microsoft Visual Studio Solution File, Format Version 12.00
# Visual Studio Version 18
VisualStudioVersion = 18.9.12105.275
MinimumVisualStudioVersion = 10.0.40219.1
Project("{2150E333-8FDC-42A3-9474-1A3956D46DE8}") = "src", "src", "{827E0CD3-B72D-47B6-A68D-7590B98EB39B}"
EndProject
Project("{2150E333-8FDC-42A3-9474-1A3956D46DE8}") = "Services", "Services", "{984BB9B3-3FA3-BE33-9484-CAC21695A33C}"
EndProject
Project("{2150E333-8FDC-42A3-9474-1A3956D46DE8}") = "Shared Contracts", "Shared Contracts", "{C4D1B6D2-1B04-4CC4-9D26-3D2E02F0A1F0}"
EndProject
Project("{FAE04EC0-301F-11D3-BF4B-00C04F79EFBC}") = "Luna.Contracts", "src\Contracts\Luna.Contracts\Luna.Contracts.csproj", "{D44D7F0E-2E3F-4E4C-9D9C-8A70D5C25E76}"
EndProject
Project("{FAE04EC0-301F-11D3-BF4B-00C04F79EFBC}") = "Identity", "src\Services\Identity\Identity.csproj", "{13ED59E7-A3AF-41D6-B257-09287848B8E6}"
EndProject
Project("{2150E333-8FDC-42A3-9474-1A3956D46DE8}") = "tests", "tests", "{0AB3BF05-4346-4AA6-1389-037BE0695223}"
EndProject
Project("{2150E333-8FDC-42A3-9474-1A3956D46DE8}") = "Smoke", "Smoke", "{8AFE20AF-74AE-3999-CBF2-DC9CC38A72B8}"
EndProject
Project("{FAE04EC0-301F-11D3-BF4B-00C04F79EFBC}") = "Luna.SmokeTests", "tests\Smoke\Luna.SmokeTests.csproj", "{3E29FD7E-3E99-451A-9211-732FED9D1A94}"
EndProject
Project("{2150E333-8FDC-42A3-9474-1A3956D46DE8}") = "Unit", "Unit", "{9D556B49-86D1-93A7-9596-FFAAB74EC556}"
EndProject
Project("{FAE04EC0-301F-11D3-BF4B-00C04F79EFBC}") = "Luna.UnitTests", "tests\Unit\Luna.UnitTests.csproj", "{39E9F8EB-016C-4FBD-97EC-7FAF63307B2A}"
EndProject
Project("{2150E333-8FDC-42A3-9474-1A3956D46DE8}") = "Integration", "Integration", "{28A6993C-471E-82FE-7D9E-AD3B1EC22BD9}"
EndProject
Project("{FAE04EC0-301F-11D3-BF4B-00C04F79EFBC}") = "Luna.IntegrationTests", "tests\Integration\Luna.IntegrationTests.csproj", "{82C21242-BAC7-4CCF-9859-4909CB773EB5}"
EndProject
Project("{2150E333-8FDC-42A3-9474-1A3956D46DE8}") = "Catalog", "Catalog", "{C91C1CF1-1625-0789-F869-53D87D6277BA}"
EndProject
Project("{FAE04EC0-301F-11D3-BF4B-00C04F79EFBC}") = "Catalog.Api", "src\Services\Catalog\Catalog.Api\Catalog.Api.csproj", "{F0D60B3D-CCEA-4E31-9F3C-5018E4A035F5}"
EndProject
Project("{FAE04EC0-301F-11D3-BF4B-00C04F79EFBC}") = "Catalog.Application", "src\Services\Catalog\Catalog.Application\Catalog.Application.csproj", "{42B834BC-8938-4CAA-A18D-074208E83BF9}"
EndProject
Project("{FAE04EC0-301F-11D3-BF4B-00C04F79EFBC}") = "Catalog.Domain", "src\Services\Catalog\Catalog.Domain\Catalog.Domain.csproj", "{7207E6D0-FD0D-41C9-906C-F5B3699F4CDD}"
EndProject
Project("{FAE04EC0-301F-11D3-BF4B-00C04F79EFBC}") = "Catalog.Contracts", "src\Services\Catalog\Catalog.Contracts\Catalog.Contracts.csproj", "{2DB5EF60-0325-4B17-BB49-F283E2A8F04F}"
EndProject
Project("{FAE04EC0-301F-11D3-BF4B-00C04F79EFBC}") = "Catalog.Infrastructure", "src\Services\Catalog\Catalog.Infrastructure\Catalog.Infrastructure.csproj", "{AE63A0A6-62D2-4165-B92D-3F000AAC765E}"
EndProject
Project("{2150E333-8FDC-42A3-9474-1A3956D46DE8}") = "Orders", "Orders", "{53A5E032-9A5F-5C5F-4C24-3FD98F4CF9B3}"
EndProject
Project("{FAE04EC0-301F-11D3-BF4B-00C04F79EFBC}") = "Orders.Contracts", "src\Services\Orders\Orders.Contracts\Orders.Contracts.csproj", "{581E2047-A44F-428A-81BE-EFE6992941E5}"
EndProject
Project("{FAE04EC0-301F-11D3-BF4B-00C04F79EFBC}") = "Orders.Api", "src\Services\Orders\Orders.Api\Orders.Api.csproj", "{E7C13757-A13F-479F-954B-B198C488B31D}"
EndProject
Project("{FAE04EC0-301F-11D3-BF4B-00C04F79EFBC}") = "Orders.Application", "src\Services\Orders\Orders.Application\Orders.Application.csproj", "{7EC72E98-A750-4A00-8D71-05E3C8697CAB}"
EndProject
Project("{FAE04EC0-301F-11D3-BF4B-00C04F79EFBC}") = "Orders.Domain", "src\Services\Orders\Orders.Domain\Orders.Domain.csproj", "{64366E6C-FBAC-4E1C-B552-CABD016379DA}"
EndProject
Project("{FAE04EC0-301F-11D3-BF4B-00C04F79EFBC}") = "Orders.Infrastructure", "src\Services\Orders\Orders.Infrastructure\Orders.Infrastructure.csproj", "{0C3C5092-36D5-4880-BB37-1EB8D139B1E7}"
EndProject
Project("{2150E333-8FDC-42A3-9474-1A3956D46DE8}") = "Shared", "Shared", "{C8E42992-5E42-0C2B-DBFE-AA848D06431C}"
EndProject
Project("{FAE04EC0-301F-11D3-BF4B-00C04F79EFBC}") = "Luna.Authentication", "src\Shared\Luna.Authentication\Luna.Authentication.csproj", "{4E2F7650-2B75-459D-8E5F-8E37ECB136E9}"
EndProject
Project("{2150E333-8FDC-42A3-9474-1A3956D46DE8}") = "Inventory", "Inventory", "{CA15E31E-CB60-F235-5CDF-2E527A86A72C}"
EndProject
Project("{FAE04EC0-301F-11D3-BF4B-00C04F79EFBC}") = "Inventory.Api", "src\Services\Inventory\Inventory.Api\Inventory.Api.csproj", "{F0956286-1849-44E8-80AA-DED50D08CEDD}"
EndProject
Project("{FAE04EC0-301F-11D3-BF4B-00C04F79EFBC}") = "Inventory.Application", "src\Services\Inventory\Inventory.Application\Inventory.Application.csproj", "{B8BD3181-4D96-44A7-873B-A501FEC7F545}"
EndProject
Project("{FAE04EC0-301F-11D3-BF4B-00C04F79EFBC}") = "Inventory.Domain", "src\Services\Inventory\Inventory.Domain\Inventory.Domain.csproj", "{831546F3-C7D8-4FA9-9D14-89E5D3E557A7}"
EndProject
Project("{FAE04EC0-301F-11D3-BF4B-00C04F79EFBC}") = "Inventory.Contracts", "src\Services\Inventory\Inventory.Contracts\Inventory.Contracts.csproj", "{AB65CEDA-2253-4BE4-A9F8-B264254F2D72}"
EndProject
Project("{FAE04EC0-301F-11D3-BF4B-00C04F79EFBC}") = "Inventory.Infrastructure", "src\Services\Inventory\Inventory.Infrastructure\Inventory.Infrastructure.csproj", "{05E18613-273F-4321-A626-81B504D58EC5}"
EndProject
Project("{2150E333-8FDC-42A3-9474-1A3956D46DE8}") = "Shipping", "Shipping", "{F17A7782-ECBD-508F-80BB-2B1954A6BA93}"
EndProject
Project("{FAE04EC0-301F-11D3-BF4B-00C04F79EFBC}") = "Shipping.Api", "src\Services\Shipping\Shipping.Api\Shipping.Api.csproj", "{2081256C-95AE-49BB-92F9-3D125AFB41BA}"
EndProject
Project("{FAE04EC0-301F-11D3-BF4B-00C04F79EFBC}") = "Shipping.Application", "src\Services\Shipping\Shipping.Application\Shipping.Application.csproj", "{9C147F79-3B2F-474A-8A23-0BED6C40CF0F}"
EndProject
Project("{FAE04EC0-301F-11D3-BF4B-00C04F79EFBC}") = "Shipping.Contracts", "src\Services\Shipping\Shipping.Contracts\Shipping.Contracts.csproj", "{1AF8B0F0-AB7E-43F7-913C-9833CC5BFD55}"
EndProject
Project("{FAE04EC0-301F-11D3-BF4B-00C04F79EFBC}") = "Shipping.Domain", "src\Services\Shipping\Shipping.Domain\Shipping.Domain.csproj", "{3815E5ED-761F-47AB-975C-C9C8FA2BA81F}"
EndProject
Project("{FAE04EC0-301F-11D3-BF4B-00C04F79EFBC}") = "Shipping.Infrastructure", "src\Services\Shipping\Shipping.Infrastructure\Shipping.Infrastructure.csproj", "{D5B85297-9A0E-4737-9235-972F53D99BB6}"
EndProject
Project("{2150E333-8FDC-42A3-9474-1A3956D46DE8}") = "Contracts", "Contracts", "{FFBE31B8-50B9-B415-22BC-2F92C97CADA3}"
EndProject
Project("{2150E333-8FDC-42A3-9474-1A3956D46DE8}") = "Payments", "Payments", "{5D0AC027-C8EE-3244-A029-36278C99F1B8}"
EndProject
Project("{FAE04EC0-301F-11D3-BF4B-00C04F79EFBC}") = "Payments.Contracts", "src\Services\Payments\Payments.Contracts\Payments.Contracts.csproj", "{81AB58DB-1D72-44C6-9C6F-E8017802A22B}"
EndProject
Project("{FAE04EC0-301F-11D3-BF4B-00C04F79EFBC}") = "Payments.Api", "src\Services\Payments\Payments.Api\Payments.Api.csproj", "{44CAD4AD-7312-47C6-8A41-E4691D7D5C35}"
EndProject
Project("{FAE04EC0-301F-11D3-BF4B-00C04F79EFBC}") = "Payments.Application", "src\Services\Payments\Payments.Application\Payments.Application.csproj", "{0706348A-408C-48C2-9DB4-75B048E8A3FC}"
EndProject
Project("{FAE04EC0-301F-11D3-BF4B-00C04F79EFBC}") = "Payments.Domain", "src\Services\Payments\Payments.Domain\Payments.Domain.csproj", "{3D0A9C42-87BD-40FD-A198-0569EF82A7B5}"
EndProject
Project("{FAE04EC0-301F-11D3-BF4B-00C04F79EFBC}") = "Payments.Infrastructure", "src\Services\Payments\Payments.Infrastructure\Payments.Infrastructure.csproj", "{A008539A-812C-4546-AD17-074AA2012C32}"
EndProject
Project("{FAE04EC0-301F-11D3-BF4B-00C04F79EFBC}") = "Luna.Observability", "src\Shared\Luna.Observability\Luna.Observability.csproj", "{59B4ACF4-8352-4E55-8D62-DD1176D7839C}"
EndProject
Project("{2150E333-8FDC-42A3-9474-1A3956D46DE8}") = "Shared", "Shared", "{4F52FD11-658E-A102-6CD3-7D7C16FFA15B}"
EndProject
Global
	GlobalSection(SolutionConfigurationPlatforms) = preSolution
		Debug|Any CPU = Debug|Any CPU
		Debug|x64 = Debug|x64
		Debug|x86 = Debug|x86
		Release|Any CPU = Release|Any CPU
		Release|x64 = Release|x64
		Release|x86 = Release|x86
	EndGlobalSection
	GlobalSection(ProjectConfigurationPlatforms) = postSolution
		{D44D7F0E-2E3F-4E4C-9D9C-8A70D5C25E76}.Debug|Any CPU.ActiveCfg = Debug|Any CPU
		{D44D7F0E-2E3F-4E4C-9D9C-8A70D5C25E76}.Debug|Any CPU.Build.0 = Debug|Any CPU
		{D44D7F0E-2E3F-4E4C-9D9C-8A70D5C25E76}.Debug|x64.ActiveCfg = Debug|Any CPU
		{D44D7F0E-2E3F-4E4C-9D9C-8A70D5C25E76}.Debug|x64.Build.0 = Debug|Any CPU
		{D44D7F0E-2E3F-4E4C-9D9C-8A70D5C25E76}.Debug|x86.ActiveCfg = Debug|Any CPU
		{D44D7F0E-2E3F-4E4C-9D9C-8A70D5C25E76}.Debug|x86.Build.0 = Debug|Any CPU
		{D44D7F0E-2E3F-4E4C-9D9C-8A70D5C25E76}.Release|Any CPU.ActiveCfg = Release|Any CPU
		{D44D7F0E-2E3F-4E4C-9D9C-8A70D5C25E76}.Release|Any CPU.Build.0 = Release|Any CPU
		{D44D7F0E-2E3F-4E4C-9D9C-8A70D5C25E76}.Release|x64.ActiveCfg = Release|Any CPU
		{D44D7F0E-2E3F-4E4C-9D9C-8A70D5C25E76}.Release|x64.Build.0 = Release|Any CPU
		{D44D7F0E-2E3F-4E4C-9D9C-8A70D5C25E76}.Release|x86.ActiveCfg = Release|Any CPU
		{D44D7F0E-2E3F-4E4C-9D9C-8A70D5C25E76}.Release|x86.Build.0 = Release|Any CPU
		{13ED59E7-A3AF-41D6-B257-09287848B8E6}.Debug|Any CPU.ActiveCfg = Debug|Any CPU
		{13ED59E7-A3AF-41D6-B257-09287848B8E6}.Debug|Any CPU.Build.0 = Debug|Any CPU
		{13ED59E7-A3AF-41D6-B257-09287848B8E6}.Debug|x64.ActiveCfg = Debug|Any CPU
		{13ED59E7-A3AF-41D6-B257-09287848B8E6}.Debug|x64.Build.0 = Debug|Any CPU
		{13ED59E7-A3AF-41D6-B257-09287848B8E6}.Debug|x86.ActiveCfg = Debug|Any CPU
		{13ED59E7-A3AF-41D6-B257-09287848B8E6}.Debug|x86.Build.0 = Debug|Any CPU
		{13ED59E7-A3AF-41D6-B257-09287848B8E6}.Release|Any CPU.ActiveCfg = Release|Any CPU
		{13ED59E7-A3AF-41D6-B257-09287848B8E6}.Release|Any CPU.Build.0 = Release|Any CPU
		{13ED59E7-A3AF-41D6-B257-09287848B8E6}.Release|x64.ActiveCfg = Release|Any CPU
		{13ED59E7-A3AF-41D6-B257-09287848B8E6}.Release|x64.Build.0 = Release|Any CPU
		{13ED59E7-A3AF-41D6-B257-09287848B8E6}.Release|x86.ActiveCfg = Release|Any CPU
		{13ED59E7-A3AF-41D6-B257-09287848B8E6}.Release|x86.Build.0 = Release|Any CPU
		{3E29FD7E-3E99-451A-9211-732FED9D1A94}.Debug|Any CPU.ActiveCfg = Debug|Any CPU
		{3E29FD7E-3E99-451A-9211-732FED9D1A94}.Debug|Any CPU.Build.0 = Debug|Any CPU
		{3E29FD7E-3E99-451A-9211-732FED9D1A94}.Debug|x64.ActiveCfg = Debug|Any CPU
		{3E29FD7E-3E99-451A-9211-732FED9D1A94}.Debug|x64.Build.0 = Debug|Any CPU
		{3E29FD7E-3E99-451A-9211-732FED9D1A94}.Debug|x86.ActiveCfg = Debug|Any CPU
		{3E29FD7E-3E99-451A-9211-732FED9D1A94}.Debug|x86.Build.0 = Debug|Any CPU
		{3E29FD7E-3E99-451A-9211-732FED9D1A94}.Release|Any CPU.ActiveCfg = Release|Any CPU
		{3E29FD7E-3E99-451A-9211-732FED9D1A94}.Release|Any CPU.Build.0 = Release|Any CPU
		{3E29FD7E-3E99-451A-9211-732FED9D1A94}.Release|x64.ActiveCfg = Release|Any CPU
		{3E29FD7E-3E99-451A-9211-732FED9D1A94}.Release|x64.Build.0 = Release|Any CPU
		{3E29FD7E-3E99-451A-9211-732FED9D1A94}.Release|x86.ActiveCfg = Release|Any CPU
		{3E29FD7E-3E99-451A-9211-732FED9D1A94}.Release|x86.Build.0 = Release|Any CPU
		{39E9F8EB-016C-4FBD-97EC-7FAF63307B2A}.Debug|Any CPU.ActiveCfg = Debug|Any CPU
		{39E9F8EB-016C-4FBD-97EC-7FAF63307B2A}.Debug|Any CPU.Build.0 = Debug|Any CPU
		{39E9F8EB-016C-4FBD-97EC-7FAF63307B2A}.Debug|x64.ActiveCfg = Debug|Any CPU
		{39E9F8EB-016C-4FBD-97EC-7FAF63307B2A}.Debug|x64.Build.0 = Debug|Any CPU
		{39E9F8EB-016C-4FBD-97EC-7FAF63307B2A}.Debug|x86.ActiveCfg = Debug|Any CPU
		{39E9F8EB-016C-4FBD-97EC-7FAF63307B2A}.Debug|x86.Build.0 = Debug|Any CPU
		{39E9F8EB-016C-4FBD-97EC-7FAF63307B2A}.Release|Any CPU.ActiveCfg = Release|Any CPU
		{39E9F8EB-016C-4FBD-97EC-7FAF63307B2A}.Release|Any CPU.Build.0 = Release|Any CPU
		{39E9F8EB-016C-4FBD-97EC-7FAF63307B2A}.Release|x64.ActiveCfg = Release|Any CPU
		{39E9F8EB-016C-4FBD-97EC-7FAF63307B2A}.Release|x64.Build.0 = Release|Any CPU
		{39E9F8EB-016C-4FBD-97EC-7FAF63307B2A}.Release|x86.ActiveCfg = Release|Any CPU
		{39E9F8EB-016C-4FBD-97EC-7FAF63307B2A}.Release|x86.Build.0 = Release|Any CPU
		{82C21242-BAC7-4CCF-9859-4909CB773EB5}.Debug|Any CPU.ActiveCfg = Debug|Any CPU
		{82C21242-BAC7-4CCF-9859-4909CB773EB5}.Debug|Any CPU.Build.0 = Debug|Any CPU
		{82C21242-BAC7-4CCF-9859-4909CB773EB5}.Debug|x64.ActiveCfg = Debug|Any CPU
		{82C21242-BAC7-4CCF-9859-4909CB773EB5}.Debug|x64.Build.0 = Debug|Any CPU
		{82C21242-BAC7-4CCF-9859-4909CB773EB5}.Debug|x86.ActiveCfg = Debug|Any CPU
		{82C21242-BAC7-4CCF-9859-4909CB773EB5}.Debug|x86.Build.0 = Debug|Any CPU
		{82C21242-BAC7-4CCF-9859-4909CB773EB5}.Release|Any CPU.ActiveCfg = Release|Any CPU
		{82C21242-BAC7-4CCF-9859-4909CB773EB5}.Release|Any CPU.Build.0 = Release|Any CPU
		{82C21242-BAC7-4CCF-9859-4909CB773EB5}.Release|x64.ActiveCfg = Release|Any CPU
		{82C21242-BAC7-4CCF-9859-4909CB773EB5}.Release|x64.Build.0 = Release|Any CPU
		{82C21242-BAC7-4CCF-9859-4909CB773EB5}.Release|x86.ActiveCfg = Release|Any CPU
		{82C21242-BAC7-4CCF-9859-4909CB773EB5}.Release|x86.Build.0 = Release|Any CPU
		{F0D60B3D-CCEA-4E31-9F3C-5018E4A035F5}.Debug|Any CPU.ActiveCfg = Debug|Any CPU
		{F0D60B3D-CCEA-4E31-9F3C-5018E4A035F5}.Debug|Any CPU.Build.0 = Debug|Any CPU
		{F0D60B3D-CCEA-4E31-9F3C-5018E4A035F5}.Debug|x64.ActiveCfg = Debug|Any CPU
		{F0D60B3D-CCEA-4E31-9F3C-5018E4A035F5}.Debug|x64.Build.0 = Debug|Any CPU
		{F0D60B3D-CCEA-4E31-9F3C-5018E4A035F5}.Debug|x86.ActiveCfg = Debug|Any CPU
		{F0D60B3D-CCEA-4E31-9F3C-5018E4A035F5}.Debug|x86.Build.0 = Debug|Any CPU
		{F0D60B3D-CCEA-4E31-9F3C-5018E4A035F5}.Release|Any CPU.ActiveCfg = Release|Any CPU
		{F0D60B3D-CCEA-4E31-9F3C-5018E4A035F5}.Release|Any CPU.Build.0 = Release|Any CPU
		{F0D60B3D-CCEA-4E31-9F3C-5018E4A035F5}.Release|x64.ActiveCfg = Release|Any CPU
		{F0D60B3D-CCEA-4E31-9F3C-5018E4A035F5}.Release|x64.Build.0 = Release|Any CPU
		{F0D60B3D-CCEA-4E31-9F3C-5018E4A035F5}.Release|x86.ActiveCfg = Release|Any CPU
		{F0D60B3D-CCEA-4E31-9F3C-5018E4A035F5}.Release|x86.Build.0 = Release|Any CPU
		{42B834BC-8938-4CAA-A18D-074208E83BF9}.Debug|Any CPU.ActiveCfg = Debug|Any CPU
		{42B834BC-8938-4CAA-A18D-074208E83BF9}.Debug|Any CPU.Build.0 = Debug|Any CPU
		{42B834BC-8938-4CAA-A18D-074208E83BF9}.Debug|x64.ActiveCfg = Debug|Any CPU
		{42B834BC-8938-4CAA-A18D-074208E83BF9}.Debug|x64.Build.0 = Debug|Any CPU
		{42B834BC-8938-4CAA-A18D-074208E83BF9}.Debug|x86.ActiveCfg = Debug|Any CPU
		{42B834BC-8938-4CAA-A18D-074208E83BF9}.Debug|x86.Build.0 = Debug|Any CPU
		{42B834BC-8938-4CAA-A18D-074208E83BF9}.Release|Any CPU.ActiveCfg = Release|Any CPU
		{42B834BC-8938-4CAA-A18D-074208E83BF9}.Release|Any CPU.Build.0 = Release|Any CPU
		{42B834BC-8938-4CAA-A18D-074208E83BF9}.Release|x64.ActiveCfg = Release|Any CPU
		{42B834BC-8938-4CAA-A18D-074208E83BF9}.Release|x64.Build.0 = Release|Any CPU
		{42B834BC-8938-4CAA-A18D-074208E83BF9}.Release|x86.ActiveCfg = Release|Any CPU
		{42B834BC-8938-4CAA-A18D-074208E83BF9}.Release|x86.Build.0 = Release|Any CPU
		{7207E6D0-FD0D-41C9-906C-F5B3699F4CDD}.Debug|Any CPU.ActiveCfg = Debug|Any CPU
		{7207E6D0-FD0D-41C9-906C-F5B3699F4CDD}.Debug|Any CPU.Build.0 = Debug|Any CPU
		{7207E6D0-FD0D-41C9-906C-F5B3699F4CDD}.Debug|x64.ActiveCfg = Debug|Any CPU
		{7207E6D0-FD0D-41C9-906C-F5B3699F4CDD}.Debug|x64.Build.0 = Debug|Any CPU
		{7207E6D0-FD0D-41C9-906C-F5B3699F4CDD}.Debug|x86.ActiveCfg = Debug|Any CPU
		{7207E6D0-FD0D-41C9-906C-F5B3699F4CDD}.Debug|x86.Build.0 = Debug|Any CPU
		{7207E6D0-FD0D-41C9-906C-F5B3699F4CDD}.Release|Any CPU.ActiveCfg = Release|Any CPU
		{7207E6D0-FD0D-41C9-906C-F5B3699F4CDD}.Release|Any CPU.Build.0 = Release|Any CPU
		{7207E6D0-FD0D-41C9-906C-F5B3699F4CDD}.Release|x64.ActiveCfg = Release|Any CPU
		{7207E6D0-FD0D-41C9-906C-F5B3699F4CDD}.Release|x64.Build.0 = Release|Any CPU
		{7207E6D0-FD0D-41C9-906C-F5B3699F4CDD}.Release|x86.ActiveCfg = Release|Any CPU
		{7207E6D0-FD0D-41C9-906C-F5B3699F4CDD}.Release|x86.Build.0 = Release|Any CPU
		{2DB5EF60-0325-4B17-BB49-F283E2A8F04F}.Debug|Any CPU.ActiveCfg = Debug|Any CPU
		{2DB5EF60-0325-4B17-BB49-F283E2A8F04F}.Debug|Any CPU.Build.0 = Debug|Any CPU
		{2DB5EF60-0325-4B17-BB49-F283E2A8F04F}.Debug|x64.ActiveCfg = Debug|Any CPU
		{2DB5EF60-0325-4B17-BB49-F283E2A8F04F}.Debug|x64.Build.0 = Debug|Any CPU
		{2DB5EF60-0325-4B17-BB49-F283E2A8F04F}.Debug|x86.ActiveCfg = Debug|Any CPU
		{2DB5EF60-0325-4B17-BB49-F283E2A8F04F}.Debug|x86.Build.0 = Debug|Any CPU
		{2DB5EF60-0325-4B17-BB49-F283E2A8F04F}.Release|Any CPU.ActiveCfg = Release|Any CPU
		{2DB5EF60-0325-4B17-BB49-F283E2A8F04F}.Release|Any CPU.Build.0 = Release|Any CPU
		{2DB5EF60-0325-4B17-BB49-F283E2A8F04F}.Release|x64.ActiveCfg = Release|Any CPU
		{2DB5EF60-0325-4B17-BB49-F283E2A8F04F}.Release|x64.Build.0 = Release|Any CPU
		{2DB5EF60-0325-4B17-BB49-F283E2A8F04F}.Release|x86.ActiveCfg = Release|Any CPU
		{2DB5EF60-0325-4B17-BB49-F283E2A8F04F}.Release|x86.Build.0 = Release|Any CPU
		{AE63A0A6-62D2-4165-B92D-3F000AAC765E}.Debug|Any CPU.ActiveCfg = Debug|Any CPU
		{AE63A0A6-62D2-4165-B92D-3F000AAC765E}.Debug|Any CPU.Build.0 = Debug|Any CPU
		{AE63A0A6-62D2-4165-B92D-3F000AAC765E}.Debug|x64.ActiveCfg = Debug|Any CPU
		{AE63A0A6-62D2-4165-B92D-3F000AAC765E}.Debug|x64.Build.0 = Debug|Any CPU
		{AE63A0A6-62D2-4165-B92D-3F000AAC765E}.Debug|x86.ActiveCfg = Debug|Any CPU
		{AE63A0A6-62D2-4165-B92D-3F000AAC765E}.Debug|x86.Build.0 = Debug|Any CPU
		{AE63A0A6-62D2-4165-B92D-3F000AAC765E}.Release|Any CPU.ActiveCfg = Release|Any CPU
		{AE63A0A6-62D2-4165-B92D-3F000AAC765E}.Release|Any CPU.Build.0 = Release|Any CPU
		{AE63A0A6-62D2-4165-B92D-3F000AAC765E}.Release|x64.ActiveCfg = Release|Any CPU
		{AE63A0A6-62D2-4165-B92D-3F000AAC765E}.Release|x64.Build.0 = Release|Any CPU
		{AE63A0A6-62D2-4165-B92D-3F000AAC765E}.Release|x86.ActiveCfg = Release|Any CPU
		{AE63A0A6-62D2-4165-B92D-3F000AAC765E}.Release|x86.Build.0 = Release|Any CPU
		{581E2047-A44F-428A-81BE-EFE6992941E5}.Debug|Any CPU.ActiveCfg = Debug|Any CPU
		{581E2047-A44F-428A-81BE-EFE6992941E5}.Debug|Any CPU.Build.0 = Debug|Any CPU
		{581E2047-A44F-428A-81BE-EFE6992941E5}.Debug|x64.ActiveCfg = Debug|Any CPU
		{581E2047-A44F-428A-81BE-EFE6992941E5}.Debug|x64.Build.0 = Debug|Any CPU
		{581E2047-A44F-428A-81BE-EFE6992941E5}.Debug|x86.ActiveCfg = Debug|Any CPU
		{581E2047-A44F-428A-81BE-EFE6992941E5}.Debug|x86.Build.0 = Debug|Any CPU
		{581E2047-A44F-428A-81BE-EFE6992941E5}.Release|Any CPU.ActiveCfg = Release|Any CPU
		{581E2047-A44F-428A-81BE-EFE6992941E5}.Release|Any CPU.Build.0 = Release|Any CPU
		{581E2047-A44F-428A-81BE-EFE6992941E5}.Release|x64.ActiveCfg = Release|Any CPU
		{581E2047-A44F-428A-81BE-EFE6992941E5}.Release|x64.Build.0 = Release|Any CPU
		{581E2047-A44F-428A-81BE-EFE6992941E5}.Release|x86.ActiveCfg = Release|Any CPU
		{581E2047-A44F-428A-81BE-EFE6992941E5}.Release|x86.Build.0 = Release|Any CPU
		{E7C13757-A13F-479F-954B-B198C488B31D}.Debug|Any CPU.ActiveCfg = Debug|Any CPU
		{E7C13757-A13F-479F-954B-B198C488B31D}.Debug|Any CPU.Build.0 = Debug|Any CPU
		{E7C13757-A13F-479F-954B-B198C488B31D}.Debug|x64.ActiveCfg = Debug|Any CPU
		{E7C13757-A13F-479F-954B-B198C488B31D}.Debug|x64.Build.0 = Debug|Any CPU
		{E7C13757-A13F-479F-954B-B198C488B31D}.Debug|x86.ActiveCfg = Debug|Any CPU
		{E7C13757-A13F-479F-954B-B198C488B31D}.Debug|x86.Build.0 = Debug|Any CPU
		{E7C13757-A13F-479F-954B-B198C488B31D}.Release|Any CPU.ActiveCfg = Release|Any CPU
		{E7C13757-A13F-479F-954B-B198C488B31D}.Release|Any CPU.Build.0 = Release|Any CPU
		{E7C13757-A13F-479F-954B-B198C488B31D}.Release|x64.ActiveCfg = Release|Any CPU
		{E7C13757-A13F-479F-954B-B198C488B31D}.Release|x64.Build.0 = Release|Any CPU
		{E7C13757-A13F-479F-954B-B198C488B31D}.Release|x86.ActiveCfg = Release|Any CPU
		{E7C13757-A13F-479F-954B-B198C488B31D}.Release|x86.Build.0 = Release|Any CPU
		{7EC72E98-A750-4A00-8D71-05E3C8697CAB}.Debug|Any CPU.ActiveCfg = Debug|Any CPU
		{7EC72E98-A750-4A00-8D71-05E3C8697CAB}.Debug|Any CPU.Build.0 = Debug|Any CPU
		{7EC72E98-A750-4A00-8D71-05E3C8697CAB}.Debug|x64.ActiveCfg = Debug|Any CPU
		{7EC72E98-A750-4A00-8D71-05E3C8697CAB}.Debug|x64.Build.0 = Debug|Any CPU
		{7EC72E98-A750-4A00-8D71-05E3C8697CAB}.Debug|x86.ActiveCfg = Debug|Any CPU
		{7EC72E98-A750-4A00-8D71-05E3C8697CAB}.Debug|x86.Build.0 = Debug|Any CPU
		{7EC72E98-A750-4A00-8D71-05E3C8697CAB}.Release|Any CPU.ActiveCfg = Release|Any CPU
		{7EC72E98-A750-4A00-8D71-05E3C8697CAB}.Release|Any CPU.Build.0 = Release|Any CPU
		{7EC72E98-A750-4A00-8D71-05E3C8697CAB}.Release|x64.ActiveCfg = Release|Any CPU
		{7EC72E98-A750-4A00-8D71-05E3C8697CAB}.Release|x64.Build.0 = Release|Any CPU
		{7EC72E98-A750-4A00-8D71-05E3C8697CAB}.Release|x86.ActiveCfg = Release|Any CPU
		{7EC72E98-A750-4A00-8D71-05E3C8697CAB}.Release|x86.Build.0 = Release|Any CPU
		{64366E6C-FBAC-4E1C-B552-CABD016379DA}.Debug|Any CPU.ActiveCfg = Debug|Any CPU
		{64366E6C-FBAC-4E1C-B552-CABD016379DA}.Debug|Any CPU.Build.0 = Debug|Any CPU
		{64366E6C-FBAC-4E1C-B552-CABD016379DA}.Debug|x64.ActiveCfg = Debug|Any CPU
		{64366E6C-FBAC-4E1C-B552-CABD016379DA}.Debug|x64.Build.0 = Debug|Any CPU
		{64366E6C-FBAC-4E1C-B552-CABD016379DA}.Debug|x86.ActiveCfg = Debug|Any CPU
		{64366E6C-FBAC-4E1C-B552-CABD016379DA}.Debug|x86.Build.0 = Debug|Any CPU
		{64366E6C-FBAC-4E1C-B552-CABD016379DA}.Release|Any CPU.ActiveCfg = Release|Any CPU
		{64366E6C-FBAC-4E1C-B552-CABD016379DA}.Release|Any CPU.Build.0 = Release|Any CPU
		{64366E6C-FBAC-4E1C-B552-CABD016379DA}.Release|x64.ActiveCfg = Release|Any CPU
		{64366E6C-FBAC-4E1C-B552-CABD016379DA}.Release|x64.Build.0 = Release|Any CPU
		{64366E6C-FBAC-4E1C-B552-CABD016379DA}.Release|x86.ActiveCfg = Release|Any CPU
		{64366E6C-FBAC-4E1C-B552-CABD016379DA}.Release|x86.Build.0 = Release|Any CPU
		{0C3C5092-36D5-4880-BB37-1EB8D139B1E7}.Debug|Any CPU.ActiveCfg = Debug|Any CPU
		{0C3C5092-36D5-4880-BB37-1EB8D139B1E7}.Debug|Any CPU.Build.0 = Debug|Any CPU
		{0C3C5092-36D5-4880-BB37-1EB8D139B1E7}.Debug|x64.ActiveCfg = Debug|Any CPU
		{0C3C5092-36D5-4880-BB37-1EB8D139B1E7}.Debug|x64.Build.0 = Debug|Any CPU
		{0C3C5092-36D5-4880-BB37-1EB8D139B1E7}.Debug|x86.ActiveCfg = Debug|Any CPU
		{0C3C5092-36D5-4880-BB37-1EB8D139B1E7}.Debug|x86.Build.0 = Debug|Any CPU
		{0C3C5092-36D5-4880-BB37-1EB8D139B1E7}.Release|Any CPU.ActiveCfg = Release|Any CPU
		{0C3C5092-36D5-4880-BB37-1EB8D139B1E7}.Release|Any CPU.Build.0 = Release|Any CPU
		{0C3C5092-36D5-4880-BB37-1EB8D139B1E7}.Release|x64.ActiveCfg = Release|Any CPU
		{0C3C5092-36D5-4880-BB37-1EB8D139B1E7}.Release|x64.Build.0 = Release|Any CPU
		{0C3C5092-36D5-4880-BB37-1EB8D139B1E7}.Release|x86.ActiveCfg = Release|Any CPU
		{0C3C5092-36D5-4880-BB37-1EB8D139B1E7}.Release|x86.Build.0 = Release|Any CPU
		{4E2F7650-2B75-459D-8E5F-8E37ECB136E9}.Debug|Any CPU.ActiveCfg = Debug|Any CPU
		{4E2F7650-2B75-459D-8E5F-8E37ECB136E9}.Debug|Any CPU.Build.0 = Debug|Any CPU
		{4E2F7650-2B75-459D-8E5F-8E37ECB136E9}.Debug|x64.ActiveCfg = Debug|Any CPU
		{4E2F7650-2B75-459D-8E5F-8E37ECB136E9}.Debug|x64.Build.0 = Debug|Any CPU
		{4E2F7650-2B75-459D-8E5F-8E37ECB136E9}.Debug|x86.ActiveCfg = Debug|Any CPU
		{4E2F7650-2B75-459D-8E5F-8E37ECB136E9}.Debug|x86.Build.0 = Debug|Any CPU
		{4E2F7650-2B75-459D-8E5F-8E37ECB136E9}.Release|Any CPU.ActiveCfg = Release|Any CPU
		{4E2F7650-2B75-459D-8E5F-8E37ECB136E9}.Release|Any CPU.Build.0 = Release|Any CPU
		{4E2F7650-2B75-459D-8E5F-8E37ECB136E9}.Release|x64.ActiveCfg = Release|Any CPU
		{4E2F7650-2B75-459D-8E5F-8E37ECB136E9}.Release|x64.Build.0 = Release|Any CPU
		{4E2F7650-2B75-459D-8E5F-8E37ECB136E9}.Release|x86.ActiveCfg = Release|Any CPU
		{4E2F7650-2B75-459D-8E5F-8E37ECB136E9}.Release|x86.Build.0 = Release|Any CPU
		{F0956286-1849-44E8-80AA-DED50D08CEDD}.Debug|Any CPU.ActiveCfg = Debug|Any CPU
		{F0956286-1849-44E8-80AA-DED50D08CEDD}.Debug|Any CPU.Build.0 = Debug|Any CPU
		{F0956286-1849-44E8-80AA-DED50D08CEDD}.Debug|x64.ActiveCfg = Debug|Any CPU
		{F0956286-1849-44E8-80AA-DED50D08CEDD}.Debug|x64.Build.0 = Debug|Any CPU
		{F0956286-1849-44E8-80AA-DED50D08CEDD}.Debug|x86.ActiveCfg = Debug|Any CPU
		{F0956286-1849-44E8-80AA-DED50D08CEDD}.Debug|x86.Build.0 = Debug|Any CPU
		{F0956286-1849-44E8-80AA-DED50D08CEDD}.Release|Any CPU.ActiveCfg = Release|Any CPU
		{F0956286-1849-44E8-80AA-DED50D08CEDD}.Release|Any CPU.Build.0 = Release|Any CPU
		{F0956286-1849-44E8-80AA-DED50D08CEDD}.Release|x64.ActiveCfg = Release|Any CPU
		{F0956286-1849-44E8-80AA-DED50D08CEDD}.Release|x64.Build.0 = Release|Any CPU
		{F0956286-1849-44E8-80AA-DED50D08CEDD}.Release|x86.ActiveCfg = Release|Any CPU
		{F0956286-1849-44E8-80AA-DED50D08CEDD}.Release|x86.Build.0 = Release|Any CPU
		{B8BD3181-4D96-44A7-873B-A501FEC7F545}.Debug|Any CPU.ActiveCfg = Debug|Any CPU
		{B8BD3181-4D96-44A7-873B-A501FEC7F545}.Debug|Any CPU.Build.0 = Debug|Any CPU
		{B8BD3181-4D96-44A7-873B-A501FEC7F545}.Debug|x64.ActiveCfg = Debug|Any CPU
		{B8BD3181-4D96-44A7-873B-A501FEC7F545}.Debug|x64.Build.0 = Debug|Any CPU
		{B8BD3181-4D96-44A7-873B-A501FEC7F545}.Debug|x86.ActiveCfg = Debug|Any CPU
		{B8BD3181-4D96-44A7-873B-A501FEC7F545}.Debug|x86.Build.0 = Debug|Any CPU
		{B8BD3181-4D96-44A7-873B-A501FEC7F545}.Release|Any CPU.ActiveCfg = Release|Any CPU
		{B8BD3181-4D96-44A7-873B-A501FEC7F545}.Release|Any CPU.Build.0 = Release|Any CPU
		{B8BD3181-4D96-44A7-873B-A501FEC7F545}.Release|x64.ActiveCfg = Release|Any CPU
		{B8BD3181-4D96-44A7-873B-A501FEC7F545}.Release|x64.Build.0 = Release|Any CPU
		{B8BD3181-4D96-44A7-873B-A501FEC7F545}.Release|x86.ActiveCfg = Release|Any CPU
		{B8BD3181-4D96-44A7-873B-A501FEC7F545}.Release|x86.Build.0 = Release|Any CPU
		{831546F3-C7D8-4FA9-9D14-89E5D3E557A7}.Debug|Any CPU.ActiveCfg = Debug|Any CPU
		{831546F3-C7D8-4FA9-9D14-89E5D3E557A7}.Debug|Any CPU.Build.0 = Debug|Any CPU
		{831546F3-C7D8-4FA9-9D14-89E5D3E557A7}.Debug|x64.ActiveCfg = Debug|Any CPU
		{831546F3-C7D8-4FA9-9D14-89E5D3E557A7}.Debug|x64.Build.0 = Debug|Any CPU
		{831546F3-C7D8-4FA9-9D14-89E5D3E557A7}.Debug|x86.ActiveCfg = Debug|Any CPU
		{831546F3-C7D8-4FA9-9D14-89E5D3E557A7}.Debug|x86.Build.0 = Debug|Any CPU
		{831546F3-C7D8-4FA9-9D14-89E5D3E557A7}.Release|Any CPU.ActiveCfg = Release|Any CPU
		{831546F3-C7D8-4FA9-9D14-89E5D3E557A7}.Release|Any CPU.Build.0 = Release|Any CPU
		{831546F3-C7D8-4FA9-9D14-89E5D3E557A7}.Release|x64.ActiveCfg = Release|Any CPU
		{831546F3-C7D8-4FA9-9D14-89E5D3E557A7}.Release|x64.Build.0 = Release|Any CPU
		{831546F3-C7D8-4FA9-9D14-89E5D3E557A7}.Release|x86.ActiveCfg = Release|Any CPU
		{831546F3-C7D8-4FA9-9D14-89E5D3E557A7}.Release|x86.Build.0 = Release|Any CPU
		{AB65CEDA-2253-4BE4-A9F8-B264254F2D72}.Debug|Any CPU.ActiveCfg = Debug|Any CPU
		{AB65CEDA-2253-4BE4-A9F8-B264254F2D72}.Debug|Any CPU.Build.0 = Debug|Any CPU
		{AB65CEDA-2253-4BE4-A9F8-B264254F2D72}.Debug|x64.ActiveCfg = Debug|Any CPU
		{AB65CEDA-2253-4BE4-A9F8-B264254F2D72}.Debug|x64.Build.0 = Debug|Any CPU
		{AB65CEDA-2253-4BE4-A9F8-B264254F2D72}.Debug|x86.ActiveCfg = Debug|Any CPU
		{AB65CEDA-2253-4BE4-A9F8-B264254F2D72}.Debug|x86.Build.0 = Debug|Any CPU
		{AB65CEDA-2253-4BE4-A9F8-B264254F2D72}.Release|Any CPU.ActiveCfg = Release|Any CPU
		{AB65CEDA-2253-4BE4-A9F8-B264254F2D72}.Release|Any CPU.Build.0 = Release|Any CPU
		{AB65CEDA-2253-4BE4-A9F8-B264254F2D72}.Release|x64.ActiveCfg = Release|Any CPU
		{AB65CEDA-2253-4BE4-A9F8-B264254F2D72}.Release|x64.Build.0 = Release|Any CPU
		{AB65CEDA-2253-4BE4-A9F8-B264254F2D72}.Release|x86.ActiveCfg = Release|Any CPU
		{AB65CEDA-2253-4BE4-A9F8-B264254F2D72}.Release|x86.Build.0 = Release|Any CPU
		{05E18613-273F-4321-A626-81B504D58EC5}.Debug|Any CPU.ActiveCfg = Debug|Any CPU
		{05E18613-273F-4321-A626-81B504D58EC5}.Debug|Any CPU.Build.0 = Debug|Any CPU
		{05E18613-273F-4321-A626-81B504D58EC5}.Debug|x64.ActiveCfg = Debug|Any CPU
		{05E18613-273F-4321-A626-81B504D58EC5}.Debug|x64.Build.0 = Debug|Any CPU
		{05E18613-273F-4321-A626-81B504D58EC5}.Debug|x86.ActiveCfg = Debug|Any CPU
		{05E18613-273F-4321-A626-81B504D58EC5}.Debug|x86.Build.0 = Debug|Any CPU
		{05E18613-273F-4321-A626-81B504D58EC5}.Release|Any CPU.ActiveCfg = Release|Any CPU
		{05E18613-273F-4321-A626-81B504D58EC5}.Release|Any CPU.Build.0 = Release|Any CPU
		{05E18613-273F-4321-A626-81B504D58EC5}.Release|x64.ActiveCfg = Release|Any CPU
		{05E18613-273F-4321-A626-81B504D58EC5}.Release|x64.Build.0 = Release|Any CPU
		{05E18613-273F-4321-A626-81B504D58EC5}.Release|x86.ActiveCfg = Release|Any CPU
		{05E18613-273F-4321-A626-81B504D58EC5}.Release|x86.Build.0 = Release|Any CPU
		{2081256C-95AE-49BB-92F9-3D125AFB41BA}.Debug|Any CPU.ActiveCfg = Debug|Any CPU
		{2081256C-95AE-49BB-92F9-3D125AFB41BA}.Debug|Any CPU.Build.0 = Debug|Any CPU
		{2081256C-95AE-49BB-92F9-3D125AFB41BA}.Debug|x64.ActiveCfg = Debug|Any CPU
		{2081256C-95AE-49BB-92F9-3D125AFB41BA}.Debug|x64.Build.0 = Debug|Any CPU
		{2081256C-95AE-49BB-92F9-3D125AFB41BA}.Debug|x86.ActiveCfg = Debug|Any CPU
		{2081256C-95AE-49BB-92F9-3D125AFB41BA}.Debug|x86.Build.0 = Debug|Any CPU
		{2081256C-95AE-49BB-92F9-3D125AFB41BA}.Release|Any CPU.ActiveCfg = Release|Any CPU
		{2081256C-95AE-49BB-92F9-3D125AFB41BA}.Release|Any CPU.Build.0 = Release|Any CPU
		{2081256C-95AE-49BB-92F9-3D125AFB41BA}.Release|x64.ActiveCfg = Release|Any CPU
		{2081256C-95AE-49BB-92F9-3D125AFB41BA}.Release|x64.Build.0 = Release|Any CPU
		{2081256C-95AE-49BB-92F9-3D125AFB41BA}.Release|x86.ActiveCfg = Release|Any CPU
		{2081256C-95AE-49BB-92F9-3D125AFB41BA}.Release|x86.Build.0 = Release|Any CPU
		{9C147F79-3B2F-474A-8A23-0BED6C40CF0F}.Debug|Any CPU.ActiveCfg = Debug|Any CPU
		{9C147F79-3B2F-474A-8A23-0BED6C40CF0F}.Debug|Any CPU.Build.0 = Debug|Any CPU
		{9C147F79-3B2F-474A-8A23-0BED6C40CF0F}.Debug|x64.ActiveCfg = Debug|Any CPU
		{9C147F79-3B2F-474A-8A23-0BED6C40CF0F}.Debug|x64.Build.0 = Debug|Any CPU
		{9C147F79-3B2F-474A-8A23-0BED6C40CF0F}.Debug|x86.ActiveCfg = Debug|Any CPU
		{9C147F79-3B2F-474A-8A23-0BED6C40CF0F}.Debug|x86.Build.0 = Debug|Any CPU
		{9C147F79-3B2F-474A-8A23-0BED6C40CF0F}.Release|Any CPU.ActiveCfg = Release|Any CPU
		{9C147F79-3B2F-474A-8A23-0BED6C40CF0F}.Release|Any CPU.Build.0 = Release|Any CPU
		{9C147F79-3B2F-474A-8A23-0BED6C40CF0F}.Release|x64.ActiveCfg = Release|Any CPU
		{9C147F79-3B2F-474A-8A23-0BED6C40CF0F}.Release|x64.Build.0 = Release|Any CPU
		{9C147F79-3B2F-474A-8A23-0BED6C40CF0F}.Release|x86.ActiveCfg = Release|Any CPU
		{9C147F79-3B2F-474A-8A23-0BED6C40CF0F}.Release|x86.Build.0 = Release|Any CPU
		{1AF8B0F0-AB7E-43F7-913C-9833CC5BFD55}.Debug|Any CPU.ActiveCfg = Debug|Any CPU
		{1AF8B0F0-AB7E-43F7-913C-9833CC5BFD55}.Debug|Any CPU.Build.0 = Debug|Any CPU
		{1AF8B0F0-AB7E-43F7-913C-9833CC5BFD55}.Debug|x64.ActiveCfg = Debug|Any CPU
		{1AF8B0F0-AB7E-43F7-913C-9833CC5BFD55}.Debug|x64.Build.0 = Debug|Any CPU
		{1AF8B0F0-AB7E-43F7-913C-9833CC5BFD55}.Debug|x86.ActiveCfg = Debug|Any CPU
		{1AF8B0F0-AB7E-43F7-913C-9833CC5BFD55}.Debug|x86.Build.0 = Debug|Any CPU
		{1AF8B0F0-AB7E-43F7-913C-9833CC5BFD55}.Release|Any CPU.ActiveCfg = Release|Any CPU
		{1AF8B0F0-AB7E-43F7-913C-9833CC5BFD55}.Release|Any CPU.Build.0 = Release|Any CPU
		{1AF8B0F0-AB7E-43F7-913C-9833CC5BFD55}.Release|x64.ActiveCfg = Release|Any CPU
		{1AF8B0F0-AB7E-43F7-913C-9833CC5BFD55}.Release|x64.Build.0 = Release|Any CPU
		{1AF8B0F0-AB7E-43F7-913C-9833CC5BFD55}.Release|x86.ActiveCfg = Release|Any CPU
		{1AF8B0F0-AB7E-43F7-913C-9833CC5BFD55}.Release|x86.Build.0 = Release|Any CPU
		{3815E5ED-761F-47AB-975C-C9C8FA2BA81F}.Debug|Any CPU.ActiveCfg = Debug|Any CPU
		{3815E5ED-761F-47AB-975C-C9C8FA2BA81F}.Debug|Any CPU.Build.0 = Debug|Any CPU
		{3815E5ED-761F-47AB-975C-C9C8FA2BA81F}.Debug|x64.ActiveCfg = Debug|Any CPU
		{3815E5ED-761F-47AB-975C-C9C8FA2BA81F}.Debug|x64.Build.0 = Debug|Any CPU
		{3815E5ED-761F-47AB-975C-C9C8FA2BA81F}.Debug|x86.ActiveCfg = Debug|Any CPU
		{3815E5ED-761F-47AB-975C-C9C8FA2BA81F}.Debug|x86.Build.0 = Debug|Any CPU
		{3815E5ED-761F-47AB-975C-C9C8FA2BA81F}.Release|Any CPU.ActiveCfg = Release|Any CPU
		{3815E5ED-761F-47AB-975C-C9C8FA2BA81F}.Release|Any CPU.Build.0 = Release|Any CPU
		{3815E5ED-761F-47AB-975C-C9C8FA2BA81F}.Release|x64.ActiveCfg = Release|Any CPU
		{3815E5ED-761F-47AB-975C-C9C8FA2BA81F}.Release|x64.Build.0 = Release|Any CPU
		{3815E5ED-761F-47AB-975C-C9C8FA2BA81F}.Release|x86.ActiveCfg = Release|Any CPU
		{3815E5ED-761F-47AB-975C-C9C8FA2BA81F}.Release|x86.Build.0 = Release|Any CPU
		{D5B85297-9A0E-4737-9235-972F53D99BB6}.Debug|Any CPU.ActiveCfg = Debug|Any CPU
		{D5B85297-9A0E-4737-9235-972F53D99BB6}.Debug|Any CPU.Build.0 = Debug|Any CPU
		{D5B85297-9A0E-4737-9235-972F53D99BB6}.Debug|x64.ActiveCfg = Debug|Any CPU
		{D5B85297-9A0E-4737-9235-972F53D99BB6}.Debug|x64.Build.0 = Debug|Any CPU
		{D5B85297-9A0E-4737-9235-972F53D99BB6}.Debug|x86.ActiveCfg = Debug|Any CPU
		{D5B85297-9A0E-4737-9235-972F53D99BB6}.Debug|x86.Build.0 = Debug|Any CPU
		{D5B85297-9A0E-4737-9235-972F53D99BB6}.Release|Any CPU.ActiveCfg = Release|Any CPU
		{D5B85297-9A0E-4737-9235-972F53D99BB6}.Release|Any CPU.Build.0 = Release|Any CPU
		{D5B85297-9A0E-4737-9235-972F53D99BB6}.Release|x64.ActiveCfg = Release|Any CPU
		{D5B85297-9A0E-4737-9235-972F53D99BB6}.Release|x64.Build.0 = Release|Any CPU
		{D5B85297-9A0E-4737-9235-972F53D99BB6}.Release|x86.ActiveCfg = Release|Any CPU
		{D5B85297-9A0E-4737-9235-972F53D99BB6}.Release|x86.Build.0 = Release|Any CPU
		{81AB58DB-1D72-44C6-9C6F-E8017802A22B}.Debug|Any CPU.ActiveCfg = Debug|Any CPU
		{81AB58DB-1D72-44C6-9C6F-E8017802A22B}.Debug|Any CPU.Build.0 = Debug|Any CPU
		{81AB58DB-1D72-44C6-9C6F-E8017802A22B}.Debug|x64.ActiveCfg = Debug|Any CPU
		{81AB58DB-1D72-44C6-9C6F-E8017802A22B}.Debug|x64.Build.0 = Debug|Any CPU
		{81AB58DB-1D72-44C6-9C6F-E8017802A22B}.Debug|x86.ActiveCfg = Debug|Any CPU
		{81AB58DB-1D72-44C6-9C6F-E8017802A22B}.Debug|x86.Build.0 = Debug|Any CPU
		{81AB58DB-1D72-44C6-9C6F-E8017802A22B}.Release|Any CPU.ActiveCfg = Release|Any CPU
		{81AB58DB-1D72-44C6-9C6F-E8017802A22B}.Release|Any CPU.Build.0 = Release|Any CPU
		{81AB58DB-1D72-44C6-9C6F-E8017802A22B}.Release|x64.ActiveCfg = Release|Any CPU
		{81AB58DB-1D72-44C6-9C6F-E8017802A22B}.Release|x64.Build.0 = Release|Any CPU
		{81AB58DB-1D72-44C6-9C6F-E8017802A22B}.Release|x86.ActiveCfg = Release|Any CPU
		{81AB58DB-1D72-44C6-9C6F-E8017802A22B}.Release|x86.Build.0 = Release|Any CPU
		{44CAD4AD-7312-47C6-8A41-E4691D7D5C35}.Debug|Any CPU.ActiveCfg = Debug|Any CPU
		{44CAD4AD-7312-47C6-8A41-E4691D7D5C35}.Debug|Any CPU.Build.0 = Debug|Any CPU
		{44CAD4AD-7312-47C6-8A41-E4691D7D5C35}.Debug|x64.ActiveCfg = Debug|Any CPU
		{44CAD4AD-7312-47C6-8A41-E4691D7D5C35}.Debug|x64.Build.0 = Debug|Any CPU
		{44CAD4AD-7312-47C6-8A41-E4691D7D5C35}.Debug|x86.ActiveCfg = Debug|Any CPU
		{44CAD4AD-7312-47C6-8A41-E4691D7D5C35}.Debug|x86.Build.0 = Debug|Any CPU
		{44CAD4AD-7312-47C6-8A41-E4691D7D5C35}.Release|Any CPU.ActiveCfg = Release|Any CPU
		{44CAD4AD-7312-47C6-8A41-E4691D7D5C35}.Release|Any CPU.Build.0 = Release|Any CPU
		{44CAD4AD-7312-47C6-8A41-E4691D7D5C35}.Release|x64.ActiveCfg = Release|Any CPU
		{44CAD4AD-7312-47C6-8A41-E4691D7D5C35}.Release|x64.Build.0 = Release|Any CPU
		{44CAD4AD-7312-47C6-8A41-E4691D7D5C35}.Release|x86.ActiveCfg = Release|Any CPU
		{44CAD4AD-7312-47C6-8A41-E4691D7D5C35}.Release|x86.Build.0 = Release|Any CPU
		{0706348A-408C-48C2-9DB4-75B048E8A3FC}.Debug|Any CPU.ActiveCfg = Debug|Any CPU
		{0706348A-408C-48C2-9DB4-75B048E8A3FC}.Debug|Any CPU.Build.0 = Debug|Any CPU
		{0706348A-408C-48C2-9DB4-75B048E8A3FC}.Debug|x64.ActiveCfg = Debug|Any CPU
		{0706348A-408C-48C2-9DB4-75B048E8A3FC}.Debug|x64.Build.0 = Debug|Any CPU
		{0706348A-408C-48C2-9DB4-75B048E8A3FC}.Debug|x86.ActiveCfg = Debug|Any CPU
		{0706348A-408C-48C2-9DB4-75B048E8A3FC}.Debug|x86.Build.0 = Debug|Any CPU
		{0706348A-408C-48C2-9DB4-75B048E8A3FC}.Release|Any CPU.ActiveCfg = Release|Any CPU
		{0706348A-408C-48C2-9DB4-75B048E8A3FC}.Release|Any CPU.Build.0 = Release|Any CPU
		{0706348A-408C-48C2-9DB4-75B048E8A3FC}.Release|x64.ActiveCfg = Release|Any CPU
		{0706348A-408C-48C2-9DB4-75B048E8A3FC}.Release|x64.Build.0 = Release|Any CPU
		{0706348A-408C-48C2-9DB4-75B048E8A3FC}.Release|x86.ActiveCfg = Release|Any CPU
		{0706348A-408C-48C2-9DB4-75B048E8A3FC}.Release|x86.Build.0 = Release|Any CPU
		{3D0A9C42-87BD-40FD-A198-0569EF82A7B5}.Debug|Any CPU.ActiveCfg = Debug|Any CPU
		{3D0A9C42-87BD-40FD-A198-0569EF82A7B5}.Debug|Any CPU.Build.0 = Debug|Any CPU
		{3D0A9C42-87BD-40FD-A198-0569EF82A7B5}.Debug|x64.ActiveCfg = Debug|Any CPU
		{3D0A9C42-87BD-40FD-A198-0569EF82A7B5}.Debug|x64.Build.0 = Debug|Any CPU
		{3D0A9C42-87BD-40FD-A198-0569EF82A7B5}.Debug|x86.ActiveCfg = Debug|Any CPU
		{3D0A9C42-87BD-40FD-A198-0569EF82A7B5}.Debug|x86.Build.0 = Debug|Any CPU
		{3D0A9C42-87BD-40FD-A198-0569EF82A7B5}.Release|Any CPU.ActiveCfg = Release|Any CPU
		{3D0A9C42-87BD-40FD-A198-0569EF82A7B5}.Release|Any CPU.Build.0 = Release|Any CPU
		{3D0A9C42-87BD-40FD-A198-0569EF82A7B5}.Release|x64.ActiveCfg = Release|Any CPU
		{3D0A9C42-87BD-40FD-A198-0569EF82A7B5}.Release|x64.Build.0 = Release|Any CPU
		{3D0A9C42-87BD-40FD-A198-0569EF82A7B5}.Release|x86.ActiveCfg = Release|Any CPU
		{3D0A9C42-87BD-40FD-A198-0569EF82A7B5}.Release|x86.Build.0 = Release|Any CPU
		{A008539A-812C-4546-AD17-074AA2012C32}.Debug|Any CPU.ActiveCfg = Debug|Any CPU
		{A008539A-812C-4546-AD17-074AA2012C32}.Debug|Any CPU.Build.0 = Debug|Any CPU
		{A008539A-812C-4546-AD17-074AA2012C32}.Debug|x64.ActiveCfg = Debug|Any CPU
		{A008539A-812C-4546-AD17-074AA2012C32}.Debug|x64.Build.0 = Debug|Any CPU
		{A008539A-812C-4546-AD17-074AA2012C32}.Debug|x86.ActiveCfg = Debug|Any CPU
		{A008539A-812C-4546-AD17-074AA2012C32}.Debug|x86.Build.0 = Debug|Any CPU
		{A008539A-812C-4546-AD17-074AA2012C32}.Release|Any CPU.ActiveCfg = Release|Any CPU
		{A008539A-812C-4546-AD17-074AA2012C32}.Release|Any CPU.Build.0 = Release|Any CPU
		{A008539A-812C-4546-AD17-074AA2012C32}.Release|x64.ActiveCfg = Release|Any CPU
		{A008539A-812C-4546-AD17-074AA2012C32}.Release|x64.Build.0 = Release|Any CPU
		{A008539A-812C-4546-AD17-074AA2012C32}.Release|x86.ActiveCfg = Release|Any CPU
		{A008539A-812C-4546-AD17-074AA2012C32}.Release|x86.Build.0 = Release|Any CPU
		{59B4ACF4-8352-4E55-8D62-DD1176D7839C}.Debug|Any CPU.ActiveCfg = Debug|Any CPU
		{59B4ACF4-8352-4E55-8D62-DD1176D7839C}.Debug|Any CPU.Build.0 = Debug|Any CPU
		{59B4ACF4-8352-4E55-8D62-DD1176D7839C}.Debug|x64.ActiveCfg = Debug|Any CPU
		{59B4ACF4-8352-4E55-8D62-DD1176D7839C}.Debug|x64.Build.0 = Debug|Any CPU
		{59B4ACF4-8352-4E55-8D62-DD1176D7839C}.Debug|x86.ActiveCfg = Debug|Any CPU
		{59B4ACF4-8352-4E55-8D62-DD1176D7839C}.Debug|x86.Build.0 = Debug|Any CPU
		{59B4ACF4-8352-4E55-8D62-DD1176D7839C}.Release|Any CPU.ActiveCfg = Release|Any CPU
		{59B4ACF4-8352-4E55-8D62-DD1176D7839C}.Release|Any CPU.Build.0 = Release|Any CPU
		{59B4ACF4-8352-4E55-8D62-DD1176D7839C}.Release|x64.ActiveCfg = Release|Any CPU
		{59B4ACF4-8352-4E55-8D62-DD1176D7839C}.Release|x64.Build.0 = Release|Any CPU
		{59B4ACF4-8352-4E55-8D62-DD1176D7839C}.Release|x86.ActiveCfg = Release|Any CPU
		{59B4ACF4-8352-4E55-8D62-DD1176D7839C}.Release|x86.Build.0 = Release|Any CPU
	EndGlobalSection
	GlobalSection(SolutionProperties) = preSolution
		HideSolutionNode = FALSE
	EndGlobalSection
	GlobalSection(NestedProjects) = preSolution
		{984BB9B3-3FA3-BE33-9484-CAC21695A33C} = {827E0CD3-B72D-47B6-A68D-7590B98EB39B}
		{C4D1B6D2-1B04-4CC4-9D26-3D2E02F0A1F0} = {827E0CD3-B72D-47B6-A68D-7590B98EB39B}
		{D44D7F0E-2E3F-4E4C-9D9C-8A70D5C25E76} = {C4D1B6D2-1B04-4CC4-9D26-3D2E02F0A1F0}
		{13ED59E7-A3AF-41D6-B257-09287848B8E6} = {984BB9B3-3FA3-BE33-9484-CAC21695A33C}
		{8AFE20AF-74AE-3999-CBF2-DC9CC38A72B8} = {0AB3BF05-4346-4AA6-1389-037BE0695223}
		{3E29FD7E-3E99-451A-9211-732FED9D1A94} = {8AFE20AF-74AE-3999-CBF2-DC9CC38A72B8}
		{9D556B49-86D1-93A7-9596-FFAAB74EC556} = {0AB3BF05-4346-4AA6-1389-037BE0695223}
		{39E9F8EB-016C-4FBD-97EC-7FAF63307B2A} = {9D556B49-86D1-93A7-9596-FFAAB74EC556}
		{28A6993C-471E-82FE-7D9E-AD3B1EC22BD9} = {0AB3BF05-4346-4AA6-1389-037BE0695223}
		{82C21242-BAC7-4CCF-9859-4909CB773EB5} = {28A6993C-471E-82FE-7D9E-AD3B1EC22BD9}
		{C91C1CF1-1625-0789-F869-53D87D6277BA} = {984BB9B3-3FA3-BE33-9484-CAC21695A33C}
		{F0D60B3D-CCEA-4E31-9F3C-5018E4A035F5} = {C91C1CF1-1625-0789-F869-53D87D6277BA}
		{42B834BC-8938-4CAA-A18D-074208E83BF9} = {C91C1CF1-1625-0789-F869-53D87D6277BA}
		{7207E6D0-FD0D-41C9-906C-F5B3699F4CDD} = {C91C1CF1-1625-0789-F869-53D87D6277BA}
		{2DB5EF60-0325-4B17-BB49-F283E2A8F04F} = {C91C1CF1-1625-0789-F869-53D87D6277BA}
		{AE63A0A6-62D2-4165-B92D-3F000AAC765E} = {C91C1CF1-1625-0789-F869-53D87D6277BA}
		{53A5E032-9A5F-5C5F-4C24-3FD98F4CF9B3} = {984BB9B3-3FA3-BE33-9484-CAC21695A33C}
		{581E2047-A44F-428A-81BE-EFE6992941E5} = {53A5E032-9A5F-5C5F-4C24-3FD98F4CF9B3}
		{E7C13757-A13F-479F-954B-B198C488B31D} = {53A5E032-9A5F-5C5F-4C24-3FD98F4CF9B3}
		{7EC72E98-A750-4A00-8D71-05E3C8697CAB} = {53A5E032-9A5F-5C5F-4C24-3FD98F4CF9B3}
		{64366E6C-FBAC-4E1C-B552-CABD016379DA} = {53A5E032-9A5F-5C5F-4C24-3FD98F4CF9B3}
		{0C3C5092-36D5-4880-BB37-1EB8D139B1E7} = {53A5E032-9A5F-5C5F-4C24-3FD98F4CF9B3}
		{C8E42992-5E42-0C2B-DBFE-AA848D06431C} = {827E0CD3-B72D-47B6-A68D-7590B98EB39B}
		{4E2F7650-2B75-459D-8E5F-8E37ECB136E9} = {C8E42992-5E42-0C2B-DBFE-AA848D06431C}
		{CA15E31E-CB60-F235-5CDF-2E527A86A72C} = {984BB9B3-3FA3-BE33-9484-CAC21695A33C}
		{F0956286-1849-44E8-80AA-DED50D08CEDD} = {CA15E31E-CB60-F235-5CDF-2E527A86A72C}
		{B8BD3181-4D96-44A7-873B-A501FEC7F545} = {CA15E31E-CB60-F235-5CDF-2E527A86A72C}
		{831546F3-C7D8-4FA9-9D14-89E5D3E557A7} = {CA15E31E-CB60-F235-5CDF-2E527A86A72C}
		{AB65CEDA-2253-4BE4-A9F8-B264254F2D72} = {CA15E31E-CB60-F235-5CDF-2E527A86A72C}
		{05E18613-273F-4321-A626-81B504D58EC5} = {CA15E31E-CB60-F235-5CDF-2E527A86A72C}
		{F17A7782-ECBD-508F-80BB-2B1954A6BA93} = {984BB9B3-3FA3-BE33-9484-CAC21695A33C}
		{2081256C-95AE-49BB-92F9-3D125AFB41BA} = {F17A7782-ECBD-508F-80BB-2B1954A6BA93}
		{9C147F79-3B2F-474A-8A23-0BED6C40CF0F} = {F17A7782-ECBD-508F-80BB-2B1954A6BA93}
		{1AF8B0F0-AB7E-43F7-913C-9833CC5BFD55} = {F17A7782-ECBD-508F-80BB-2B1954A6BA93}
		{3815E5ED-761F-47AB-975C-C9C8FA2BA81F} = {F17A7782-ECBD-508F-80BB-2B1954A6BA93}
		{D5B85297-9A0E-4737-9235-972F53D99BB6} = {F17A7782-ECBD-508F-80BB-2B1954A6BA93}
		{FFBE31B8-50B9-B415-22BC-2F92C97CADA3} = {827E0CD3-B72D-47B6-A68D-7590B98EB39B}
		{5D0AC027-C8EE-3244-A029-36278C99F1B8} = {984BB9B3-3FA3-BE33-9484-CAC21695A33C}
		{81AB58DB-1D72-44C6-9C6F-E8017802A22B} = {5D0AC027-C8EE-3244-A029-36278C99F1B8}
		{44CAD4AD-7312-47C6-8A41-E4691D7D5C35} = {5D0AC027-C8EE-3244-A029-36278C99F1B8}
		{0706348A-408C-48C2-9DB4-75B048E8A3FC} = {5D0AC027-C8EE-3244-A029-36278C99F1B8}
		{3D0A9C42-87BD-40FD-A198-0569EF82A7B5} = {5D0AC027-C8EE-3244-A029-36278C99F1B8}
		{A008539A-812C-4546-AD17-074AA2012C32} = {5D0AC027-C8EE-3244-A029-36278C99F1B8}
		{59B4ACF4-8352-4E55-8D62-DD1176D7839C} = {C8E42992-5E42-0C2B-DBFE-AA848D06431C}
	EndGlobalSection
	GlobalSection(ExtensibilityGlobals) = postSolution
		SolutionGuid = {1BC3DBD9-B34E-45B9-BC96-A069489F22A0}
	EndGlobalSection
EndGlobal
